
Microsoft Visual Studio Solution File, Format Version 12.00
Project("{FAE04EC0-301F-11D3-BF4B-00C04F79EFBC}") = "BlazorMatchApp", "BlazorMatchApp\BlazorMatchApp.csproj", "{1022011D-F5AF-4DC3-B618-7160C01FB4F0}"
EndProject
Global
	GlobalSection(SolutionConfigurationPlatforms) = preSolution
		Debug|Any CPU = Debug|Any CPU
		Release|Any CPU = Release|Any CPU
	EndGlobalSection
	GlobalSection(ProjectConfigurationPlatforms) = postSolution
		{1022011D-F5AF-4DC3-B618-7160C01FB4F0}.Debug|Any CPU.ActiveCfg = Debug|Any CPU
		{1022011D-F5AF-4DC3-B618-7160C01FB4F0}.Debug|Any CPU.Build.0 = Debug|Any CPU
		{1022011D-F5AF-4DC3-B618-7160C01FB4F0}.Release|Any CPU.ActiveCfg = Release|Any CPU
		{1022011D-F5AF-4DC3-B618-7160C01FB4F0}.Release|Any CPU.Build.0 = Release|Any CPU
	EndGlobalSection
EndGlobal
